
Microsoft Visual Studio Solution File, Format Version 12.00
# Visual Studio Version 17
VisualStudioVersion = 17.14.35821.62 d17.14
MinimumVisualStudioVersion = 10.0.40219.1
Project("{FAE04EC0-301F-11D3-BF4B-00C04F79EFBC}") = "Net React Ödev  Şubat 1", "Net React Ödev  Şubat 1\Net React Ödev  Şubat 1.csproj", "{3F4F6607-220D-4BE5-91A8-75635EB2E6E0}"
EndProject
Global
	GlobalSection(SolutionConfigurationPlatforms) = preSolution
		Debug|Any CPU = Debug|Any CPU
		Release|Any CPU = Release|Any CPU
	EndGlobalSection
	GlobalSection(ProjectConfigurationPlatforms) = postSolution
		{3F4F6607-220D-4BE5-91A8-75635EB2E6E0}.Debug|Any CPU.ActiveCfg = Debug|Any CPU
		{3F4F6607-220D-4BE5-91A8-75635EB2E6E0}.Debug|Any CPU.Build.0 = Debug|Any CPU
		{3F4F6607-220D-4BE5-91A8-75635EB2E6E0}.Release|Any CPU.ActiveCfg = Release|Any CPU
		{3F4F6607-220D-4BE5-91A8-75635EB2E6E0}.Release|Any CPU.Build.0 = Release|Any CPU
	EndGlobalSection
	GlobalSection(SolutionProperties) = preSolution
		HideSolutionNode = FALSE
	EndGlobalSection
	GlobalSection(ExtensibilityGlobals) = postSolution
		SolutionGuid = {FD80862E-D926-4EB4-91F5-4873FB315850}
	EndGlobalSection
EndGlobal
